{
  "name": "auth0-docs",
  "version": "0.0.1",
  "npm-shrinkwrap-version": "3.1.8",
  "dependencies": {
    "async": {
      "version": "0.2.10",
      "resolved": "https://registry.npmjs.org/async/-/async-0.2.10.tgz"
    },
    "auth0-application-types": {
      "version": "0.1.1",
      "from": "auth0-application-types@git://github.com/auth0/application-types#fd4d0ba869cfe4d82d636473ca9472c7e51c21f7",
      "resolved": "git://github.com/auth0/application-types#fd4d0ba869cfe4d82d636473ca9472c7e51c21f7"
    },
    "auth0-client-platforms": {
      "version": "0.1.2",
      "from": "auth0-client-platforms@git://github.com/auth0/client-platforms#c0542fef82a6d7f03a08b2a861a6bffbb9b018b5",
      "resolved": "git://github.com/auth0/client-platforms#c0542fef82a6d7f03a08b2a861a6bffbb9b018b5"
    },
    "auth0-native-platforms": {
      "version": "0.1.3",
      "from": "auth0-native-platforms@git://github.com/auth0/native-platforms#9cecab7b50c0a55e13da1f24e2d671742ded25d8",
      "resolved": "git://github.com/auth0/native-platforms#9cecab7b50c0a55e13da1f24e2d671742ded25d8"
    },
    "auth0-server-apis": {
      "version": "0.1.11",
      "from": "auth0-server-apis@git://github.com/auth0/server-apis#fd47d69d3e62001fd764c6f6202468ab0bea9003",
      "resolved": "git://github.com/auth0/server-apis#fd47d69d3e62001fd764c6f6202468ab0bea9003"
    },
    "auth0-server-platforms": {
      "version": "0.1.8",
      "from": "auth0-server-platforms@git://github.com/auth0/server-platforms#d754e1430b82baada18eeb6487631bb181e6c934",
      "resolved": "git://github.com/auth0/server-platforms#d754e1430b82baada18eeb6487631bb181e6c934"
    },
    "connect": {
      "version": "2.8.8",
      "resolved": "https://registry.npmjs.org/connect/-/connect-2.8.8.tgz",
      "dependencies": {
        "buffer-crc32": {
          "version": "0.2.1",
          "resolved": "https://registry.npmjs.org/buffer-crc32/-/buffer-crc32-0.2.1.tgz"
        },
        "bytes": {
          "version": "0.2.0",
          "resolved": "https://registry.npmjs.org/bytes/-/bytes-0.2.0.tgz"
        },
        "cookie": {
          "version": "0.1.0",
          "resolved": "https://registry.npmjs.org/cookie/-/cookie-0.1.0.tgz"
        },
        "cookie-signature": {
          "version": "1.0.1",
          "resolved": "https://registry.npmjs.org/cookie-signature/-/cookie-signature-1.0.1.tgz"
        },
        "debug": {
          "version": "1.0.2",
          "resolved": "https://registry.npmjs.org/debug/-/debug-1.0.2.tgz",
          "dependencies": {
            "ms": {
              "version": "0.6.2",
              "resolved": "https://registry.npmjs.org/ms/-/ms-0.6.2.tgz"
            }
          }
        },
        "formidable": {
          "version": "1.0.14",
          "resolved": "https://registry.npmjs.org/formidable/-/formidable-1.0.14.tgz"
        },
        "fresh": {
          "version": "0.2.0",
          "resolved": "https://registry.npmjs.org/fresh/-/fresh-0.2.0.tgz"
        },
        "methods": {
          "version": "0.0.1",
          "resolved": "https://registry.npmjs.org/methods/-/methods-0.0.1.tgz"
        },
        "pause": {
          "version": "0.0.1",
          "resolved": "https://registry.npmjs.org/pause/-/pause-0.0.1.tgz"
        },
        "qs": {
          "version": "0.6.5",
          "resolved": "https://registry.npmjs.org/qs/-/qs-0.6.5.tgz"
        },
        "send": {
          "version": "0.1.4",
          "resolved": "https://registry.npmjs.org/send/-/send-0.1.4.tgz",
          "dependencies": {
            "mime": {
              "version": "1.2.11",
              "resolved": "https://registry.npmjs.org/mime/-/mime-1.2.11.tgz"
            },
            "range-parser": {
              "version": "0.0.4",
              "resolved": "https://registry.npmjs.org/range-parser/-/range-parser-0.0.4.tgz"
            }
          }
        },
        "uid2": {
          "version": "0.0.2",
          "resolved": "https://registry.npmjs.org/uid2/-/uid2-0.0.2.tgz"
        }
      }
    },
    "debug": {
      "version": "2.0.0",
      "resolved": "https://registry.npmjs.org/debug/-/debug-2.0.0.tgz",
      "dependencies": {
        "ms": {
          "version": "0.6.2",
          "resolved": "https://registry.npmjs.org/ms/-/ms-0.6.2.tgz"
        }
      }
    },
    "ejs": {
      "version": "0.8.8",
      "resolved": "https://registry.npmjs.org/ejs/-/ejs-0.8.8.tgz"
    },
    "express": {
      "version": "3.3.8",
      "resolved": "https://registry.npmjs.org/express/-/express-3.3.8.tgz",
      "dependencies": {
        "buffer-crc32": {
          "version": "0.2.1",
          "resolved": "https://registry.npmjs.org/buffer-crc32/-/buffer-crc32-0.2.1.tgz"
        },
        "commander": {
          "version": "1.2.0",
          "resolved": "https://registry.npmjs.org/commander/-/commander-1.2.0.tgz",
          "dependencies": {
            "keypress": {
              "version": "0.1.0",
              "resolved": "https://registry.npmjs.org/keypress/-/keypress-0.1.0.tgz"
            }
          }
        },
        "cookie": {
          "version": "0.1.0",
          "resolved": "https://registry.npmjs.org/cookie/-/cookie-0.1.0.tgz"
        },
        "cookie-signature": {
          "version": "1.0.1",
          "resolved": "https://registry.npmjs.org/cookie-signature/-/cookie-signature-1.0.1.tgz"
        },
        "debug": {
          "version": "1.0.2",
          "resolved": "https://registry.npmjs.org/debug/-/debug-1.0.2.tgz",
          "dependencies": {
            "ms": {
              "version": "0.6.2",
              "resolved": "https://registry.npmjs.org/ms/-/ms-0.6.2.tgz"
            }
          }
        },
        "fresh": {
          "version": "0.2.0",
          "resolved": "https://registry.npmjs.org/fresh/-/fresh-0.2.0.tgz"
        },
        "methods": {
          "version": "0.0.1",
          "resolved": "https://registry.npmjs.org/methods/-/methods-0.0.1.tgz"
        },
        "mkdirp": {
          "version": "0.3.5",
          "resolved": "https://registry.npmjs.org/mkdirp/-/mkdirp-0.3.5.tgz"
        },
        "range-parser": {
          "version": "0.0.4",
          "resolved": "https://registry.npmjs.org/range-parser/-/range-parser-0.0.4.tgz"
        },
        "send": {
          "version": "0.1.4",
          "resolved": "https://registry.npmjs.org/send/-/send-0.1.4.tgz",
          "dependencies": {
            "mime": {
              "version": "1.2.11",
              "resolved": "https://registry.npmjs.org/mime/-/mime-1.2.11.tgz"
            }
          }
        }
      }
    },
    "express-redirect": {
      "version": "1.1.1",
      "resolved": "https://registry.npmjs.org/express-redirect/-/express-redirect-1.1.1.tgz",
      "dependencies": {
        "sanitize-arguments": {
          "version": "2.0.3",
          "resolved": "https://registry.npmjs.org/sanitize-arguments/-/sanitize-arguments-2.0.3.tgz"
        }
      }
    },
    "jade": {
      "version": "0.27.7",
      "resolved": "https://registry.npmjs.org/jade/-/jade-0.27.7.tgz",
      "dependencies": {
        "coffee-script": {
          "version": "1.4.0",
          "resolved": "https://registry.npmjs.org/coffee-script/-/coffee-script-1.4.0.tgz"
        },
        "commander": {
          "version": "0.6.1",
          "resolved": "https://registry.npmjs.org/commander/-/commander-0.6.1.tgz"
        },
        "mkdirp": {
          "version": "0.3.5",
          "resolved": "https://registry.npmjs.org/mkdirp/-/mkdirp-0.3.5.tgz"
        }
      }
    },
    "lodash": {
      "version": "2.4.1",
      "resolved": "https://registry.npmjs.org/lodash/-/lodash-2.4.1.tgz"
    },
    "lsr": {
      "version": "1.0.0",
      "resolved": "https://registry.npmjs.org/lsr/-/lsr-1.0.0.tgz",
      "dependencies": {
        "barrage": {
          "version": "0.0.4",
          "resolved": "https://registry.npmjs.org/barrage/-/barrage-0.0.4.tgz",
          "dependencies": {
            "readable-stream": {
              "version": "1.0.32",
              "resolved": "https://registry.npmjs.org/readable-stream/-/readable-stream-1.0.32.tgz",
              "dependencies": {
                "core-util-is": {
                  "version": "1.0.1",
                  "resolved": "https://registry.npmjs.org/core-util-is/-/core-util-is-1.0.1.tgz"
                },
                "inherits": {
                  "version": "2.0.1",
                  "resolved": "https://registry.npmjs.org/inherits/-/inherits-2.0.1.tgz"
                },
                "isarray": {
                  "version": "0.0.1",
                  "resolved": "https://registry.npmjs.org/isarray/-/isarray-0.0.1.tgz"
                },
                "string_decoder": {
                  "version": "0.10.31",
                  "resolved": "https://registry.npmjs.org/string_decoder/-/string_decoder-0.10.31.tgz"
                }
              }
            }
          }
        },
        "promise": {
          "version": "3.2.0",
          "resolved": "https://registry.npmjs.org/promise/-/promise-3.2.0.tgz"
        }
      }
    },
    "markdocs": {
      "version": "0.6.0",
      "resolved": "https://registry.npmjs.org/markdocs/-/markdocs-0.6.0.tgz",
      "dependencies": {
        "commander": {
          "version": "1.0.5",
          "resolved": "https://registry.npmjs.org/commander/-/commander-1.0.5.tgz",
          "dependencies": {
            "keypress": {
              "version": "0.1.0",
              "resolved": "https://registry.npmjs.org/keypress/-/keypress-0.1.0.tgz"
            }
          }
        },
        "less": {
          "version": "1.3.1",
          "resolved": "https://registry.npmjs.org/less/-/less-1.3.1.tgz"
        },
        "lsr": {
          "version": "1.0.0",
          "resolved": "https://registry.npmjs.org/lsr/-/lsr-1.0.0.tgz",
          "dependencies": {
            "barrage": {
              "version": "0.0.4",
              "resolved": "https://registry.npmjs.org/barrage/-/barrage-0.0.4.tgz",
              "dependencies": {
                "readable-stream": {
                  "version": "1.0.27-1",
                  "resolved": "https://registry.npmjs.org/readable-stream/-/readable-stream-1.0.27-1.tgz",
                  "dependencies": {
                    "core-util-is": {
                      "version": "1.0.1",
                      "resolved": "https://registry.npmjs.org/core-util-is/-/core-util-is-1.0.1.tgz"
                    },
                    "inherits": {
                      "version": "2.0.1",
                      "resolved": "https://registry.npmjs.org/inherits/-/inherits-2.0.1.tgz"
                    },
                    "isarray": {
                      "version": "0.0.1",
                      "resolved": "https://registry.npmjs.org/isarray/-/isarray-0.0.1.tgz"
                    },
                    "string_decoder": {
                      "version": "0.10.25-1",
                      "resolved": "https://registry.npmjs.org/string_decoder/-/string_decoder-0.10.25-1.tgz"
                    }
                  }
                }
              }
            },
            "promise": {
              "version": "3.2.0",
              "resolved": "https://registry.npmjs.org/promise/-/promise-3.2.0.tgz"
            }
          }
        },
        "mkdirp": {
          "version": "0.3.4",
          "resolved": "https://registry.npmjs.org/mkdirp/-/mkdirp-0.3.4.tgz"
        },
        "rel-to-abs": {
          "version": "0.1.0",
          "resolved": "https://registry.npmjs.org/rel-to-abs/-/rel-to-abs-0.1.0.tgz"
        },
        "showdown": {
          "version": "0.3.1",
          "resolved": "https://registry.npmjs.org/showdown/-/showdown-0.3.1.tgz"
        },
        "wrench": {
          "version": "1.3.4",
          "resolved": "https://registry.npmjs.org/wrench/-/wrench-1.3.4.tgz"
        },
        "xtend": {
          "version": "2.1.2",
          "resolved": "https://registry.npmjs.org/xtend/-/xtend-2.1.2.tgz",
          "dependencies": {
            "object-keys": {
              "version": "0.4.0",
              "resolved": "https://registry.npmjs.org/object-keys/-/object-keys-0.4.0.tgz"
            }
          }
        }
      }
    },
    "mongo-getdb": {
      "version": "1.0.1",
      "resolved": "https://registry.npmjs.org/mongo-getdb/-/mongo-getdb-1.0.1.tgz"
    },
    "mongodb": {
      "version": "1.3.23",
      "resolved": "https://registry.npmjs.org/mongodb/-/mongodb-1.3.23.tgz",
      "dependencies": {
        "bson": {
          "version": "0.2.5",
          "resolved": "https://registry.npmjs.org/bson/-/bson-0.2.5.tgz"
        },
        "kerberos": {
          "version": "0.0.3",
          "resolved": "https://registry.npmjs.org/kerberos/-/kerberos-0.0.3.tgz"
        }
      }
    },
    "nconf": {
      "version": "0.6.9",
      "resolved": "https://registry.npmjs.org/nconf/-/nconf-0.6.9.tgz",
      "dependencies": {
        "async": {
          "version": "0.2.9",
          "resolved": "https://registry.npmjs.org/async/-/async-0.2.9.tgz"
        },
        "ini": {
          "version": "1.2.1",
          "resolved": "https://registry.npmjs.org/ini/-/ini-1.2.1.tgz"
        },
        "optimist": {
          "version": "0.6.0",
          "resolved": "https://registry.npmjs.org/optimist/-/optimist-0.6.0.tgz",
          "dependencies": {
            "minimist": {
              "version": "0.0.10",
              "resolved": "https://registry.npmjs.org/minimist/-/minimist-0.0.10.tgz"
            },
            "wordwrap": {
              "version": "0.0.2",
              "resolved": "https://registry.npmjs.org/wordwrap/-/wordwrap-0.0.2.tgz"
            }
          }
        }
      }
    },
    "newrelic": {
      "version": "1.1.1",
      "resolved": "https://registry.npmjs.org/newrelic/-/newrelic-1.1.1.tgz",
      "dependencies": {
        "bunyan": {
          "version": "0.14.6",
          "resolved": "https://registry.npmjs.org/bunyan/-/bunyan-0.14.6.tgz"
        },
        "continuation-local-storage": {
          "version": "2.5.2",
          "resolved": "https://registry.npmjs.org/continuation-local-storage/-/continuation-local-storage-2.5.2.tgz",
          "dependencies": {
            "async-listener": {
              "version": "0.4.3",
              "resolved": "https://registry.npmjs.org/async-listener/-/async-listener-0.4.3.tgz"
            },
            "shimmer": {
              "version": "0.9.2",
              "resolved": "https://registry.npmjs.org/shimmer/-/shimmer-0.9.2.tgz"
            }
          }
        }
      }
    },
    "passport": {
      "version": "0.1.18",
      "resolved": "https://registry.npmjs.org/passport/-/passport-0.1.18.tgz",
      "dependencies": {
        "pause": {
          "version": "0.0.1",
          "resolved": "https://registry.npmjs.org/pause/-/pause-0.0.1.tgz"
        },
        "pkginfo": {
          "version": "0.2.3",
          "resolved": "https://registry.npmjs.org/pkginfo/-/pkginfo-0.2.3.tgz"
        }
      }
    },
    "prerender-node": {
      "version": "1.0.6",
      "resolved": "https://registry.npmjs.org/prerender-node/-/prerender-node-1.0.6.tgz",
      "dependencies": {
        "request": {
          "version": "2.40.0",
          "resolved": "https://registry.npmjs.org/request/-/request-2.40.0.tgz",
          "dependencies": {
            "aws-sign2": {
              "version": "0.5.0",
              "resolved": "https://registry.npmjs.org/aws-sign2/-/aws-sign2-0.5.0.tgz"
            },
            "forever-agent": {
              "version": "0.5.2",
              "resolved": "https://registry.npmjs.org/forever-agent/-/forever-agent-0.5.2.tgz"
            },
            "form-data": {
              "version": "0.1.4",
              "resolved": "https://registry.npmjs.org/form-data/-/form-data-0.1.4.tgz",
              "dependencies": {
                "async": {
                  "version": "0.9.0",
                  "resolved": "https://registry.npmjs.org/async/-/async-0.9.0.tgz"
                },
                "combined-stream": {
                  "version": "0.0.5",
                  "resolved": "https://registry.npmjs.org/combined-stream/-/combined-stream-0.0.5.tgz",
                  "dependencies": {
                    "delayed-stream": {
                      "version": "0.0.5",
                      "resolved": "https://registry.npmjs.org/delayed-stream/-/delayed-stream-0.0.5.tgz"
                    }
                  }
                },
                "mime": {
                  "version": "1.2.11",
                  "resolved": "https://registry.npmjs.org/mime/-/mime-1.2.11.tgz"
                }
              }
            },
            "hawk": {
              "version": "1.1.1",
              "resolved": "https://registry.npmjs.org/hawk/-/hawk-1.1.1.tgz",
              "dependencies": {
                "boom": {
                  "version": "0.4.2",
                  "resolved": "https://registry.npmjs.org/boom/-/boom-0.4.2.tgz"
                },
                "cryptiles": {
                  "version": "0.2.2",
                  "resolved": "https://registry.npmjs.org/cryptiles/-/cryptiles-0.2.2.tgz"
                },
                "hoek": {
                  "version": "0.9.1",
                  "resolved": "https://registry.npmjs.org/hoek/-/hoek-0.9.1.tgz"
                },
                "sntp": {
                  "version": "0.2.4",
                  "resolved": "https://registry.npmjs.org/sntp/-/sntp-0.2.4.tgz"
                }
              }
            },
            "http-signature": {
              "version": "0.10.0",
              "resolved": "https://registry.npmjs.org/http-signature/-/http-signature-0.10.0.tgz",
              "dependencies": {
                "asn1": {
                  "version": "0.1.11",
                  "resolved": "https://registry.npmjs.org/asn1/-/asn1-0.1.11.tgz"
                },
                "assert-plus": {
                  "version": "0.1.2",
                  "resolved": "https://registry.npmjs.org/assert-plus/-/assert-plus-0.1.2.tgz"
                },
                "ctype": {
                  "version": "0.5.2",
                  "resolved": "https://registry.npmjs.org/ctype/-/ctype-0.5.2.tgz"
                }
              }
            },
            "json-stringify-safe": {
              "version": "5.0.0",
              "resolved": "https://registry.npmjs.org/json-stringify-safe/-/json-stringify-safe-5.0.0.tgz"
            },
            "mime-types": {
              "version": "1.0.2",
              "resolved": "https://registry.npmjs.org/mime-types/-/mime-types-1.0.2.tgz"
            },
            "node-uuid": {
              "version": "1.4.1",
              "resolved": "https://registry.npmjs.org/node-uuid/-/node-uuid-1.4.1.tgz"
            },
            "oauth-sign": {
              "version": "0.3.0",
              "resolved": "https://registry.npmjs.org/oauth-sign/-/oauth-sign-0.3.0.tgz"
            },
            "qs": {
              "version": "1.0.2",
              "resolved": "https://registry.npmjs.org/qs/-/qs-1.0.2.tgz"
            },
            "stringstream": {
              "version": "0.0.4",
              "resolved": "https://registry.npmjs.org/stringstream/-/stringstream-0.0.4.tgz"
            },
            "tough-cookie": {
              "version": "0.12.1",
              "resolved": "https://registry.npmjs.org/tough-cookie/-/tough-cookie-0.12.1.tgz",
              "dependencies": {
                "punycode": {
                  "version": "1.3.1",
                  "resolved": "https://registry.npmjs.org/punycode/-/punycode-1.3.1.tgz"
                }
              }
            },
            "tunnel-agent": {
              "version": "0.4.0",
              "resolved": "https://registry.npmjs.org/tunnel-agent/-/tunnel-agent-0.4.0.tgz"
            }
          }
        }
      }
    },
    "request": {
      "version": "2.37.0",
      "resolved": "https://registry.npmjs.org/request/-/request-2.37.0.tgz",
      "dependencies": {
        "aws-sign2": {
          "version": "0.5.0",
          "resolved": "https://registry.npmjs.org/aws-sign2/-/aws-sign2-0.5.0.tgz"
        },
        "forever-agent": {
          "version": "0.5.2",
          "resolved": "https://registry.npmjs.org/forever-agent/-/forever-agent-0.5.2.tgz"
        },
        "form-data": {
          "version": "0.1.4",
          "resolved": "https://registry.npmjs.org/form-data/-/form-data-0.1.4.tgz",
          "dependencies": {
            "async": {
              "version": "0.9.0",
              "resolved": "https://registry.npmjs.org/async/-/async-0.9.0.tgz"
            },
            "combined-stream": {
              "version": "0.0.5",
              "resolved": "https://registry.npmjs.org/combined-stream/-/combined-stream-0.0.5.tgz",
              "dependencies": {
                "delayed-stream": {
                  "version": "0.0.5",
                  "resolved": "https://registry.npmjs.org/delayed-stream/-/delayed-stream-0.0.5.tgz"
                }
              }
            },
            "mime": {
              "version": "1.2.11",
              "resolved": "https://registry.npmjs.org/mime/-/mime-1.2.11.tgz"
            }
          }
        },
        "hawk": {
          "version": "1.1.1",
          "resolved": "https://registry.npmjs.org/hawk/-/hawk-1.1.1.tgz",
          "dependencies": {
            "boom": {
              "version": "0.4.2",
              "resolved": "https://registry.npmjs.org/boom/-/boom-0.4.2.tgz"
            },
            "cryptiles": {
              "version": "0.2.2",
              "resolved": "https://registry.npmjs.org/cryptiles/-/cryptiles-0.2.2.tgz"
            },
            "hoek": {
              "version": "0.9.1",
              "resolved": "https://registry.npmjs.org/hoek/-/hoek-0.9.1.tgz"
            },
            "sntp": {
              "version": "0.2.4",
              "resolved": "https://registry.npmjs.org/sntp/-/sntp-0.2.4.tgz"
            }
          }
        },
        "http-signature": {
          "version": "0.10.0",
          "resolved": "https://registry.npmjs.org/http-signature/-/http-signature-0.10.0.tgz",
          "dependencies": {
            "asn1": {
              "version": "0.1.11",
              "resolved": "https://registry.npmjs.org/asn1/-/asn1-0.1.11.tgz"
            },
            "assert-plus": {
              "version": "0.1.2",
              "resolved": "https://registry.npmjs.org/assert-plus/-/assert-plus-0.1.2.tgz"
            },
            "ctype": {
              "version": "0.5.2",
              "resolved": "https://registry.npmjs.org/ctype/-/ctype-0.5.2.tgz"
            }
          }
        },
        "json-stringify-safe": {
          "version": "5.0.0",
          "resolved": "https://registry.npmjs.org/json-stringify-safe/-/json-stringify-safe-5.0.0.tgz"
        },
        "mime-types": {
          "version": "1.0.1",
          "resolved": "https://registry.npmjs.org/mime-types/-/mime-types-1.0.1.tgz"
        },
        "node-uuid": {
          "version": "1.4.1",
          "resolved": "https://registry.npmjs.org/node-uuid/-/node-uuid-1.4.1.tgz"
        },
        "oauth-sign": {
          "version": "0.3.0",
          "resolved": "https://registry.npmjs.org/oauth-sign/-/oauth-sign-0.3.0.tgz"
        },
        "qs": {
          "version": "0.6.6",
          "resolved": "https://registry.npmjs.org/qs/-/qs-0.6.6.tgz"
        },
        "tough-cookie": {
          "version": "0.12.1",
          "resolved": "https://registry.npmjs.org/tough-cookie/-/tough-cookie-0.12.1.tgz",
          "dependencies": {
            "punycode": {
              "version": "1.3.0",
              "resolved": "https://registry.npmjs.org/punycode/-/punycode-1.3.0.tgz"
            }
          }
        },
        "tunnel-agent": {
          "version": "0.4.0",
          "resolved": "https://registry.npmjs.org/tunnel-agent/-/tunnel-agent-0.4.0.tgz"
        }
      }
    },
    "winston": {
      "version": "0.6.2",
      "resolved": "https://registry.npmjs.org/winston/-/winston-0.6.2.tgz",
      "dependencies": {
        "async": {
          "version": "0.1.22",
          "resolved": "https://registry.npmjs.org/async/-/async-0.1.22.tgz"
        },
        "colors": {
          "version": "0.6.2",
          "resolved": "https://registry.npmjs.org/colors/-/colors-0.6.2.tgz"
        },
        "cycle": {
          "version": "1.0.3",
          "resolved": "https://registry.npmjs.org/cycle/-/cycle-1.0.3.tgz"
        },
        "eyes": {
          "version": "0.1.8",
          "resolved": "https://registry.npmjs.org/eyes/-/eyes-0.1.8.tgz"
        },
        "pkginfo": {
          "version": "0.2.3",
          "resolved": "https://registry.npmjs.org/pkginfo/-/pkginfo-0.2.3.tgz"
        },
        "request": {
          "version": "2.9.203",
          "resolved": "https://registry.npmjs.org/request/-/request-2.9.203.tgz"
        },
        "stack-trace": {
          "version": "0.0.9",
          "resolved": "https://registry.npmjs.org/stack-trace/-/stack-trace-0.0.9.tgz"
        }
      }
    },
    "winston-email": {
      "version": "0.0.6",
      "resolved": "https://registry.npmjs.org/winston-email/-/winston-email-0.0.6.tgz",
      "dependencies": {
        "nodemailer": {
          "version": "0.7.0",
          "resolved": "https://registry.npmjs.org/nodemailer/-/nodemailer-0.7.0.tgz",
          "dependencies": {
            "aws-sdk": {
              "version": "2.0.0-rc.20",
              "resolved": "https://registry.npmjs.org/aws-sdk/-/aws-sdk-2.0.0-rc.20.tgz",
              "dependencies": {
                "aws-sdk-apis": {
                  "version": "3.0.6",
                  "resolved": "https://registry.npmjs.org/aws-sdk-apis/-/aws-sdk-apis-3.0.6.tgz"
                },
                "xml2js": {
                  "version": "0.2.6",
                  "resolved": "https://registry.npmjs.org/xml2js/-/xml2js-0.2.6.tgz",
                  "dependencies": {
                    "sax": {
                      "version": "0.4.2",
                      "resolved": "https://registry.npmjs.org/sax/-/sax-0.4.2.tgz"
                    }
                  }
                },
                "xmlbuilder": {
                  "version": "0.4.2",
                  "resolved": "https://registry.npmjs.org/xmlbuilder/-/xmlbuilder-0.4.2.tgz"
                }
              }
            },
            "directmail": {
              "version": "0.1.8",
              "resolved": "https://registry.npmjs.org/directmail/-/directmail-0.1.8.tgz"
            },
            "he": {
              "version": "0.3.6",
              "resolved": "https://registry.npmjs.org/he/-/he-0.3.6.tgz"
            },
            "mailcomposer": {
              "version": "0.2.11",
              "resolved": "https://registry.npmjs.org/mailcomposer/-/mailcomposer-0.2.11.tgz",
              "dependencies": {
                "dkim-signer": {
                  "version": "0.1.2",
                  "resolved": "https://registry.npmjs.org/dkim-signer/-/dkim-signer-0.1.2.tgz"
                },
                "follow-redirects": {
                  "version": "0.0.3",
                  "resolved": "https://registry.npmjs.org/follow-redirects/-/follow-redirects-0.0.3.tgz",
                  "dependencies": {
                    "underscore": {
                      "version": "1.6.0",
                      "resolved": "https://registry.npmjs.org/underscore/-/underscore-1.6.0.tgz"
                    }
                  }
                },
                "mime": {
                  "version": "1.2.11",
                  "resolved": "https://registry.npmjs.org/mime/-/mime-1.2.11.tgz"
                },
                "mimelib": {
                  "version": "0.2.16",
                  "resolved": "https://registry.npmjs.org/mimelib/-/mimelib-0.2.16.tgz",
                  "dependencies": {
                    "addressparser": {
                      "version": "0.2.1",
                      "resolved": "https://registry.npmjs.org/addressparser/-/addressparser-0.2.1.tgz"
                    },
                    "encoding": {
                      "version": "0.1.8",
                      "resolved": "https://registry.npmjs.org/encoding/-/encoding-0.1.8.tgz",
                      "dependencies": {
                        "iconv-lite": {
                          "version": "0.4.3",
                          "resolved": "https://registry.npmjs.org/iconv-lite/-/iconv-lite-0.4.3.tgz"
                        }
                      }
                    }
                  }
                },
                "punycode": {
                  "version": "1.2.4",
                  "resolved": "https://registry.npmjs.org/punycode/-/punycode-1.2.4.tgz"
                }
              }
            },
            "public-address": {
              "version": "0.1.1",
              "resolved": "https://registry.npmjs.org/public-address/-/public-address-0.1.1.tgz"
            },
            "readable-stream": {
              "version": "1.1.13-1",
              "resolved": "https://registry.npmjs.org/readable-stream/-/readable-stream-1.1.13-1.tgz",
              "dependencies": {
                "core-util-is": {
                  "version": "1.0.1",
                  "resolved": "https://registry.npmjs.org/core-util-is/-/core-util-is-1.0.1.tgz"
                },
                "inherits": {
                  "version": "2.0.1",
                  "resolved": "https://registry.npmjs.org/inherits/-/inherits-2.0.1.tgz"
                },
                "isarray": {
                  "version": "0.0.1",
                  "resolved": "https://registry.npmjs.org/isarray/-/isarray-0.0.1.tgz"
                },
                "string_decoder": {
                  "version": "0.10.25-1",
                  "resolved": "https://registry.npmjs.org/string_decoder/-/string_decoder-0.10.25-1.tgz"
                }
              }
            },
            "simplesmtp": {
              "version": "0.3.32",
              "resolved": "https://registry.npmjs.org/simplesmtp/-/simplesmtp-0.3.32.tgz",
              "dependencies": {
                "rai": {
                  "version": "0.1.11",
                  "resolved": "https://registry.npmjs.org/rai/-/rai-0.1.11.tgz"
                },
                "xoauth2": {
                  "version": "0.1.8",
                  "resolved": "https://registry.npmjs.org/xoauth2/-/xoauth2-0.1.8.tgz"
                }
              }
            }
          }
        }
      }
    },
    "xtend": {
      "version": "2.0.6",
      "resolved": "https://registry.npmjs.org/xtend/-/xtend-2.0.6.tgz",
      "dependencies": {
        "is-object": {
          "version": "0.1.2",
          "resolved": "https://registry.npmjs.org/is-object/-/is-object-0.1.2.tgz"
        },
        "object-keys": {
          "version": "0.2.0",
          "resolved": "https://registry.npmjs.org/object-keys/-/object-keys-0.2.0.tgz",
          "dependencies": {
            "foreach": {
              "version": "2.0.4",
              "resolved": "https://registry.npmjs.org/foreach/-/foreach-2.0.4.tgz"
            },
            "indexof": {
              "version": "0.0.1",
              "resolved": "https://registry.npmjs.org/indexof/-/indexof-0.0.1.tgz"
            },
            "is": {
              "version": "0.2.7",
              "resolved": "https://registry.npmjs.org/is/-/is-0.2.7.tgz"
            }
          }
        }
      }
    },
    "yams": {
      "version": "0.0.2",
      "resolved": "https://registry.npmjs.org/yams/-/yams-0.0.2.tgz"
    }
  }
}